PODS:
  - NabtoClient (4.4.0-beta1)

DEPENDENCIES:
  - NabtoClient (= 4.4.0-beta.1)

SPEC REPOS:
  https://github.com/cocoapods/specs.git:
    - NabtoClient

SPEC CHECKSUMS:
  NabtoClient: 27e4b79ca6a61033cb1d3c39aa80b4be1ce4c7f3

PODFILE CHECKSUM: bf3c1123f1d6e00a47dfa042330eba6204d4ed31

COCOAPODS: 1.5.3
