// !$*UTF8*$!
{
	archiveVersion = 1;
	classes = {
	};
	objectVersion = 46;
	objects = {

/* Begin PBXBuildFile section */
		159FADC8F65881104213FF9D /* Pods_NabtoCocoapodDemo.framework in Frameworks */ = {isa = PBXBuildFile; fileRef = 036991A52BD69C9525110203 /* Pods_NabtoCocoapodDemo.framework */; };
		605040C31E5DEF8100E9FC5D /* main.m in Sources */ = {isa = PBXBuildFile; fileRef = 605040C21E5DEF8100E9FC5D /* main.m */; };
		605040C61E5DEF8100E9FC5D /* AppDelegate.m in Sources */ = {isa = PBXBuildFile; fileRef = 605040C51E5DEF8100E9FC5D /* AppDelegate.m */; };
		605040C91E5DEF8100E9FC5D /* ViewController.m in Sources */ = {isa = PBXBuildFile; fileRef = 605040C81E5DEF8100E9FC5D /* ViewController.m */; };
		605040CC1E5DEF8100E9FC5D /* Main.storyboard in Resources */ = {isa = PBXBuildFile; fileRef = 605040CA1E5DEF8100E9FC5D /* Main.storyboard */; };
		605040CE1E5DEF8100E9FC5D /* Assets.xcassets in Resources */ = {isa = PBXBuildFile; fileRef = 605040CD1E5DEF8100E9FC5D /* Assets.xcassets */; };
		605040D11E5DEF8100E9FC5D /* LaunchScreen.storyboard in Resources */ = {isa = PBXBuildFile; fileRef = 605040CF1E5DEF8100E9FC5D /* LaunchScreen.storyboard */; };
		605040DC1E5DEF8200E9FC5D /* NabtoCocoapodDemoTests.m in Sources */ = {isa = PBXBuildFile; fileRef = 605040DB1E5DEF8200E9FC5D /* NabtoCocoapodDemoTests.m */; };
		ED835E682B0A96DBC47C620B /* Pods_NabtoCocoapodDemoTests.framework in Frameworks */ = {isa = PBXBuildFile; fileRef = 533F7852033D2F7A543B6481 /* Pods_NabtoCocoapodDemoTests.framework */; };
/* End PBXBuildFile section */

/* Begin PBXContainerItemProxy section */
		605040D81E5DEF8200E9FC5D /* PBXContainerItemProxy */ = {
			isa = PBXContainerItemProxy;
			containerPortal = 605040B61E5DEF8100E9FC5D /* Project object */;
			proxyType = 1;
			remoteGlobalIDString = 605040BD1E5DEF8100E9FC5D;
			remoteInfo = NabtoCocoapodDemo;
		};
/* End PBXContainerItemProxy section */

/* Begin PBXFileReference section */
		036991A52BD69C9525110203 /* Pods_NabtoCocoapodDemo.framework */ = {isa = PBXFileReference; explicitFileType = wrapper.framework; includeInIndex = 0; path = Pods_NabtoCocoapodDemo.framework; sourceTree = BUILT_PRODUCTS_DIR; };
		234957A73B1ED7E8E1AA74B8 /* Pods-NabtoCocoapodDemoTests.release.xcconfig */ = {isa = PBXFileReference; includeInIndex = 1; lastKnownFileType = text.xcconfig; name = "Pods-NabtoCocoapodDemoTests.release.xcconfig"; path = "../Pods/Target Support Files/Pods-NabtoCocoapodDemoTests/Pods-NabtoCocoapodDemoTests.release.xcconfig"; sourceTree = "<group>"; };
		533F7852033D2F7A543B6481 /* Pods_NabtoCocoapodDemoTests.framework */ = {isa = PBXFileReference; explicitFileType = wrapper.framework; includeInIndex = 0; path = Pods_NabtoCocoapodDemoTests.framework; sourceTree = BUILT_PRODUCTS_DIR; };
		605040BE1E5DEF8100E9FC5D /* NabtoCocoapodDemo.app */ = {isa = PBXFileReference; explicitFileType = wrapper.application; includeInIndex = 0; path = NabtoCocoapodDemo.app; sourceTree = BUILT_PRODUCTS_DIR; };
		605040C21E5DEF8100E9FC5D /* main.m */ = {isa = PBXFileReference; lastKnownFileType = sourcecode.c.objc; path = main.m; sourceTree = "<group>"; };
		605040C41E5DEF8100E9FC5D /* AppDelegate.h */ = {isa = PBXFileReference; lastKnownFileType = sourcecode.c.h; path = AppDelegate.h; sourceTree = "<group>"; };
		605040C51E5DEF8100E9FC5D /* AppDelegate.m */ = {isa = PBXFileReference; lastKnownFileType = sourcecode.c.objc; path = AppDelegate.m; sourceTree = "<group>"; };
		605040C71E5DEF8100E9FC5D /* ViewController.h */ = {isa = PBXFileReference; lastKnownFileType = sourcecode.c.h; path = ViewController.h; sourceTree = "<group>"; };
		605040C81E5DEF8100E9FC5D /* ViewController.m */ = {isa = PBXFileReference; lastKnownFileType = sourcecode.c.objc; path = ViewController.m; sourceTree = "<group>"; };
		605040CB1E5DEF8100E9FC5D /* Base */ = {isa = PBXFileReference; lastKnownFileType = file.storyboard; name = Base; path = Base.lproj/Main.storyboard; sourceTree = "<group>"; };
		605040CD1E5DEF8100E9FC5D /* Assets.xcassets */ = {isa = PBXFileReference; lastKnownFileType = folder.assetcatalog; path = Assets.xcassets; sourceTree = "<group>"; };
		605040D01E5DEF8100E9FC5D /* Base */ = {isa = PBXFileReference; lastKnownFileType = file.storyboard; name = Base; path = Base.lproj/LaunchScreen.storyboard; sourceTree = "<group>"; };
		605040D21E5DEF8100E9FC5D /* Info.plist */ = {isa = PBXFileReference; lastKnownFileType = text.plist.xml; path = Info.plist; sourceTree = "<group>"; };
		605040D71E5DEF8200E9FC5D /* NabtoCocoapodDemoTests.xctest */ = {isa = PBXFileReference; explicitFileType = wrapper.cfbundle; includeInIndex = 0; path = NabtoCocoapodDemoTests.xctest; sourceTree = BUILT_PRODUCTS_DIR; };
		605040DB1E5DEF8200E9FC5D /* NabtoCocoapodDemoTests.m */ = {isa = PBXFileReference; lastKnownFileType = sourcecode.c.objc; path = NabtoCocoapodDemoTests.m; sourceTree = "<group>"; };
		605040DD1E5DEF8200E9FC5D /* Info.plist */ = {isa = PBXFileReference; lastKnownFileType = text.plist.xml; path = Info.plist; sourceTree = "<group>"; };
		6D4FCC25E9DB2A1191FECEB8 /* Pods-NabtoCocoapodDemo.release.xcconfig */ = {isa = PBXFileReference; includeInIndex = 1; lastKnownFileType = text.xcconfig; name = "Pods-NabtoCocoapodDemo.release.xcconfig"; path = "../Pods/Target Support Files/Pods-NabtoCocoapodDemo/Pods-NabtoCocoapodDemo.release.xcconfig"; sourceTree = "<group>"; };
		7BEEB1F881E5F40FBF7ACF01 /* Pods-NabtoCocoapodDemo.debug.xcconfig */ = {isa = PBXFileReference; includeInIndex = 1; lastKnownFileType = text.xcconfig; name = "Pods-NabtoCocoapodDemo.debug.xcconfig"; path = "../Pods/Target Support Files/Pods-NabtoCocoapodDemo/Pods-NabtoCocoapodDemo.debug.xcconfig"; sourceTree = "<group>"; };
		F8BBE0AE065E0BC1E20870A1 /* Pods-NabtoCocoapodDemoTests.debug.xcconfig */ = {isa = PBXFileReference; includeInIndex = 1; lastKnownFileType = text.xcconfig; name = "Pods-NabtoCocoapodDemoTests.debug.xcconfig"; path = "../Pods/Target Support Files/Pods-NabtoCocoapodDemoTests/Pods-NabtoCocoapodDemoTests.debug.xcconfig"; sourceTree = "<group>"; };
/* End PBXFileReference section */

/* Begin PBXFrameworksBuildPhase section */
		605040BB1E5DEF8100E9FC5D /* Frameworks */ = {
			isa = PBXFrameworksBuildPhase;
			buildActionMask = 2147483647;
			files = (
				159FADC8F65881104213FF9D /* Pods_NabtoCocoapodDemo.framework in Frameworks */,
			);
			runOnlyForDeploymentPostprocessing = 0;
		};
		605040D41E5DEF8200E9FC5D /* Frameworks */ = {
			isa = PBXFrameworksBuildPhase;
			buildActionMask = 2147483647;
			files = (
				ED835E682B0A96DBC47C620B /* Pods_NabtoCocoapodDemoTests.framework in Frameworks */,
			);
			runOnlyForDeploymentPostprocessing = 0;
		};
/* End PBXFrameworksBuildPhase section */

/* Begin PBXGroup section */
		0476FCA82D37DA6C20B25C11 /* Pods */ = {
			isa = PBXGroup;
			children = (
				7BEEB1F881E5F40FBF7ACF01 /* Pods-NabtoCocoapodDemo.debug.xcconfig */,
				6D4FCC25E9DB2A1191FECEB8 /* Pods-NabtoCocoapodDemo.release.xcconfig */,
				F8BBE0AE065E0BC1E20870A1 /* Pods-NabtoCocoapodDemoTests.debug.xcconfig */,
				234957A73B1ED7E8E1AA74B8 /* Pods-NabtoCocoapodDemoTests.release.xcconfig */,
			);
			name = Pods;
			sourceTree = "<group>";
		};
		199EB7BDA13862B13453889F /* Frameworks */ = {
			isa = PBXGroup;
			children = (
				036991A52BD69C9525110203 /* Pods_NabtoCocoapodDemo.framework */,
				533F7852033D2F7A543B6481 /* Pods_NabtoCocoapodDemoTests.framework */,
			);
			name = Frameworks;
			sourceTree = "<group>";
		};
		605040B51E5DEF8100E9FC5D = {
			isa = PBXGroup;
			children = (
				605040C01E5DEF8100E9FC5D /* NabtoCocoapodDemo */,
				605040DA1E5DEF8200E9FC5D /* NabtoCocoapodDemoTests */,
				605040BF1E5DEF8100E9FC5D /* Products */,
				0476FCA82D37DA6C20B25C11 /* Pods */,
				199EB7BDA13862B13453889F /* Frameworks */,
			);
			sourceTree = "<group>";
		};
		605040BF1E5DEF8100E9FC5D /* Products */ = {
			isa = PBXGroup;
			children = (
				605040BE1E5DEF8100E9FC5D /* NabtoCocoapodDemo.app */,
				605040D71E5DEF8200E9FC5D /* NabtoCocoapodDemoTests.xctest */,
			);
			name = Products;
			sourceTree = "<group>";
		};
		605040C01E5DEF8100E9FC5D /* NabtoCocoapodDemo */ = {
			isa = PBXGroup;
			children = (
				605040C41E5DEF8100E9FC5D /* AppDelegate.h */,
				605040C51E5DEF8100E9FC5D /* AppDelegate.m */,
				605040C71E5DEF8100E9FC5D /* ViewController.h */,
				605040C81E5DEF8100E9FC5D /* ViewController.m */,
				605040CA1E5DEF8100E9FC5D /* Main.storyboard */,
				605040CD1E5DEF8100E9FC5D /* Assets.xcassets */,
				605040CF1E5DEF8100E9FC5D /* LaunchScreen.storyboard */,
				605040D21E5DEF8100E9FC5D /* Info.plist */,
				605040C11E5DEF8100E9FC5D /* Supporting Files */,
			);
			path = NabtoCocoapodDemo;
			sourceTree = "<group>";
		};
		605040C11E5DEF8100E9FC5D /* Supporting Files */ = {
			isa = PBXGroup;
			children = (
				605040C21E5DEF8100E9FC5D /* main.m */,
			);
			name = "Supporting Files";
			sourceTree = "<group>";
		};
		605040DA1E5DEF8200E9FC5D /* NabtoCocoapodDemoTests */ = {
			isa = PBXGroup;
			children = (
				605040DB1E5DEF8200E9FC5D /* NabtoCocoapodDemoTests.m */,
				605040DD1E5DEF8200E9FC5D /* Info.plist */,
			);
			path = NabtoCocoapodDemoTests;
			sourceTree = "<group>";
		};
/* End PBXGroup section */

/* Begin PBXNativeTarget section */
		605040BD1E5DEF8100E9FC5D /* NabtoCocoapodDemo */ = {
			isa = PBXNativeTarget;
			buildConfigurationList = 605040E01E5DEF8200E9FC5D /* Build configuration list for PBXNativeTarget "NabtoCocoapodDemo" */;
			buildPhases = (
				AF09FA37FC8DE461164A2E6B /* [CP] Check Pods Manifest.lock */,
				605040BA1E5DEF8100E9FC5D /* Sources */,
				605040BB1E5DEF8100E9FC5D /* Frameworks */,
				605040BC1E5DEF8100E9FC5D /* Resources */,
				C35FFC81F4B12B8E5B8F135A /* [CP] Embed Pods Frameworks */,
				901D165659A97234209D1A0F /* [CP] Copy Pods Resources */,
			);
			buildRules = (
			);
			dependencies = (
			);
			name = NabtoCocoapodDemo;
			productName = NabtoCocoapodDemo;
			productReference = 605040BE1E5DEF8100E9FC5D /* NabtoCocoapodDemo.app */;
			productType = "com.apple.product-type.application";
		};
		605040D61E5DEF8200E9FC5D /* NabtoCocoapodDemoTests */ = {
			isa = PBXNativeTarget;
			buildConfigurationList = 605040E31E5DEF8200E9FC5D /* Build configuration list for PBXNativeTarget "NabtoCocoapodDemoTests" */;
			buildPhases = (
				907AAD1837CFFDEA57FA0E53 /* [CP] Check Pods Manifest.lock */,
				605040D31E5DEF8200E9FC5D /* Sources */,
				605040D41E5DEF8200E9FC5D /* Frameworks */,
				605040D51E5DEF8200E9FC5D /* Resources */,
				A04D9F1CC1D20625C3E4CA19 /* [CP] Embed Pods Frameworks */,
				E99F7F43ADD6149964F37016 /* [CP] Copy Pods Resources */,
			);
			buildRules = (
			);
			dependencies = (
				605040D91E5DEF8200E9FC5D /* PBXTargetDependency */,
			);
			name = NabtoCocoapodDemoTests;
			productName = NabtoCocoapodDemoTests;
			productReference = 605040D71E5DEF8200E9FC5D /* NabtoCocoapodDemoTests.xctest */;
			productType = "com.apple.product-type.bundle.unit-test";
		};
/* End PBXNativeTarget section */

/* Begin PBXProject section */
		605040B61E5DEF8100E9FC5D /* Project object */ = {
			isa = PBXProject;
			attributes = {
				LastUpgradeCheck = 0820;
				ORGANIZATIONNAME = Nabto;
				TargetAttributes = {
					605040BD1E5DEF8100E9FC5D = {
						CreatedOnToolsVersion = 8.2.1;
						DevelopmentTeam = E55K8RCV2E;
						ProvisioningStyle = Automatic;
					};
					605040D61E5DEF8200E9FC5D = {
						CreatedOnToolsVersion = 8.2.1;
						DevelopmentTeam = E55K8RCV2E;
						ProvisioningStyle = Automatic;
						TestTargetID = 605040BD1E5DEF8100E9FC5D;
					};
				};
			};
			buildConfigurationList = 605040B91E5DEF8100E9FC5D /* Build configuration list for PBXProject "NabtoCocoapodDemo" */;
			compatibilityVersion = "Xcode 3.2";
			developmentRegion = English;
			hasScannedForEncodings = 0;
			knownRegions = (
				en,
				Base,
			);
			mainGroup = 605040B51E5DEF8100E9FC5D;
			productRefGroup = 605040BF1E5DEF8100E9FC5D /* Products */;
			projectDirPath = "";
			projectRoot = "";
			targets = (
				605040BD1E5DEF8100E9FC5D /* NabtoCocoapodDemo */,
				605040D61E5DEF8200E9FC5D /* NabtoCocoapodDemoTests */,
			);
		};
/* End PBXProject section */

/* Begin PBXResourcesBuildPhase section */
		605040BC1E5DEF8100E9FC5D /* Resources */ = {
			isa = PBXResourcesBuildPhase;
			buildActionMask = 2147483647;
			files = (
				605040D11E5DEF8100E9FC5D /* LaunchScreen.storyboard in Resources */,
				605040CE1E5DEF8100E9FC5D /* Assets.xcassets in Resources */,
				605040CC1E5DEF8100E9FC5D /* Main.storyboard in Resources */,
			);
			runOnlyForDeploymentPostprocessing = 0;
		};
		605040D51E5DEF8200E9FC5D /* Resources */ = {
			isa = PBXResourcesBuildPhase;
			buildActionMask = 2147483647;
			files = (
			);
			runOnlyForDeploymentPostprocessing = 0;
		};
/* End PBXResourcesBuildPhase section */

/* Begin PBXShellScriptBuildPhase section */
		901D165659A97234209D1A0F /* [CP] Copy Pods Resources */ = {
			isa = PBXShellScriptBuildPhase;
			buildActionMask = 2147483647;
			files = (
			);
			inputPaths = (
			);
			name = "[CP] Copy Pods Resources";
			outputPaths = (
			);
			runOnlyForDeploymentPostprocessing = 0;
			shellPath = /bin/sh;
			shellScript = "\"${SRCROOT}/../Pods/Target Support Files/Pods-NabtoCocoapodDemo/Pods-NabtoCocoapodDemo-resources.sh\"\n";
			showEnvVarsInLog = 0;
		};
		907AAD1837CFFDEA57FA0E53 /* [CP] Check Pods Manifest.lock */ = {
			isa = PBXShellScriptBuildPhase;
			buildActionMask = 2147483647;
			files = (
			);
			inputPaths = (
			);
			name = "[CP] Check Pods Manifest.lock";
			outputPaths = (
			);
			runOnlyForDeploymentPostprocessing = 0;
			shellPath = /bin/sh;
			shellScript = "diff \"${PODS_PODFILE_DIR_PATH}/Podfile.lock\" \"${PODS_ROOT}/Manifest.lock\" > /dev/null\nif [ $? != 0 ] ; then\n    # print error to STDERR\n    echo \"error: The sandbox is not in sync with the Podfile.lock. Run 'pod install' or update your CocoaPods installation.\" >&2\n    exit 1\nfi\n";
			showEnvVarsInLog = 0;
		};
		A04D9F1CC1D20625C3E4CA19 /* [CP] Embed Pods Frameworks */ = {
			isa = PBXShellScriptBuildPhase;
			buildActionMask = 2147483647;
			files = (
			);
			inputPaths = (
			);
			name = "[CP] Embed Pods Frameworks";
			outputPaths = (
			);
			runOnlyForDeploymentPostprocessing = 0;
			shellPath = /bin/sh;
			shellScript = "\"${SRCROOT}/../Pods/Target Support Files/Pods-NabtoCocoapodDemoTests/Pods-NabtoCocoapodDemoTests-frameworks.sh\"\n";
			showEnvVarsInLog = 0;
		};
		AF09FA37FC8DE461164A2E6B /* [CP] Check Pods Manifest.lock */ = {
			isa = PBXShellScriptBuildPhase;
			buildActionMask = 2147483647;
			files = (
			);
			inputPaths = (
			);
			name = "[CP] Check Pods Manifest.lock";
			outputPaths = (
			);
			runOnlyForDeploymentPostprocessing = 0;
			shellPath = /bin/sh;
			shellScript = "diff \"${PODS_PODFILE_DIR_PATH}/Podfile.lock\" \"${PODS_ROOT}/Manifest.lock\" > /dev/null\nif [ $? != 0 ] ; then\n    # print error to STDERR\n    echo \"error: The sandbox is not in sync with the Podfile.lock. Run 'pod install' or update your CocoaPods installation.\" >&2\n    exit 1\nfi\n";
			showEnvVarsInLog = 0;
		};
		C35FFC81F4B12B8E5B8F135A /* [CP] Embed Pods Frameworks */ = {
			isa = PBXShellScriptBuildPhase;
			buildActionMask = 2147483647;
			files = (
			);
			inputPaths = (
			);
			name = "[CP] Embed Pods Frameworks";
			outputPaths = (
			);
			runOnlyForDeploymentPostprocessing = 0;
			shellPath = /bin/sh;
			shellScript = "\"${SRCROOT}/../Pods/Target Support Files/Pods-NabtoCocoapodDemo/Pods-NabtoCocoapodDemo-frameworks.sh\"\n";
			showEnvVarsInLog = 0;
		};
		E99F7F43ADD6149964F37016 /* [CP] Copy Pods Resources */ = {
			isa = PBXShellScriptBuildPhase;
			buildActionMask = 2147483647;
			files = (
			);
			inputPaths = (
			);
			name = "[CP] Copy Pods Resources";
			outputPaths = (
			);
			runOnlyForDeploymentPostprocessing = 0;
			shellPath = /bin/sh;
			shellScript = "\"${SRCROOT}/../Pods/Target Support Files/Pods-NabtoCocoapodDemoTests/Pods-NabtoCocoapodDemoTests-resources.sh\"\n";
			showEnvVarsInLog = 0;
		};
/* End PBXShellScriptBuildPhase section */

/* Begin PBXSourcesBuildPhase section */
		605040BA1E5DEF8100E9FC5D /* Sources */ = {
			isa = PBXSourcesBuildPhase;
			buildActionMask = 2147483647;
			files = (
				605040C91E5DEF8100E9FC5D /* ViewController.m in Sources */,
				605040C61E5DEF8100E9FC5D /* AppDelegate.m in Sources */,
				605040C31E5DEF8100E9FC5D /* main.m in Sources */,
			);
			runOnlyForDeploymentPostprocessing = 0;
		};
		605040D31E5DEF8200E9FC5D /* Sources */ = {
			isa = PBXSourcesBuildPhase;
			buildActionMask = 2147483647;
			files = (
				605040DC1E5DEF8200E9FC5D /* NabtoCocoapodDemoTests.m in Sources */,
			);
			runOnlyForDeploymentPostprocessing = 0;
		};
/* End PBXSourcesBuildPhase section */

/* Begin PBXTargetDependency section */
		605040D91E5DEF8200E9FC5D /* PBXTargetDependency */ = {
			isa = PBXTargetDependency;
			target = 605040BD1E5DEF8100E9FC5D /* NabtoCocoapodDemo */;
			targetProxy = 605040D81E5DEF8200E9FC5D /* PBXContainerItemProxy */;
		};
/* End PBXTargetDependency section */

/* Begin PBXVariantGroup section */
		605040CA1E5DEF8100E9FC5D /* Main.storyboard */ = {
			isa = PBXVariantGroup;
			children = (
				605040CB1E5DEF8100E9FC5D /* Base */,
			);
			name = Main.storyboard;
			sourceTree = "<group>";
		};
		605040CF1E5DEF8100E9FC5D /* LaunchScreen.storyboard */ = {
			isa = PBXVariantGroup;
			children = (
				605040D01E5DEF8100E9FC5D /* Base */,
			);
			name = LaunchScreen.storyboard;
			sourceTree = "<group>";
		};
/* End PBXVariantGroup section */

/* Begin XCBuildConfiguration section */
		605040DE1E5DEF8200E9FC5D /* Debug */ = {
			isa = XCBuildConfiguration;
			buildSettings = {
				ALWAYS_SEARCH_USER_PATHS = NO;
				CLANG_ANALYZER_NONNULL = YES;
				CLANG_CXX_LANGUAGE_STANDARD = "gnu++0x";
				CLANG_CXX_LIBRARY = "libc++";
				CLANG_ENABLE_MODULES = YES;
				CLANG_ENABLE_OBJC_ARC = YES;
				CLANG_WARN_BOOL_CONVERSION = YES;
				CLANG_WARN_CONSTANT_CONVERSION = YES;
				CLANG_WARN_DIRECT_OBJC_ISA_USAGE = YES_ERROR;
				CLANG_WARN_DOCUMENTATION_COMMENTS = YES;
				CLANG_WARN_EMPTY_BODY = YES;
				CLANG_WARN_ENUM_CONVERSION = YES;
				CLANG_WARN_INFINITE_RECURSION = YES;
				CLANG_WARN_INT_CONVERSION = YES;
				CLANG_WARN_OBJC_ROOT_CLASS = YES_ERROR;
				CLANG_WARN_SUSPICIOUS_MOVE = YES;
				CLANG_WARN_UNREACHABLE_CODE = YES;
				CLANG_WARN__DUPLICATE_METHOD_MATCH = YES;
				"CODE_SIGN_IDENTITY[sdk=iphoneos*]" = "iPhone Developer";
				COPY_PHASE_STRIP = NO;
				DEBUG_INFORMATION_FORMAT = dwarf;
				ENABLE_STRICT_OBJC_MSGSEND = YES;
				ENABLE_TESTABILITY = YES;
				GCC_C_LANGUAGE_STANDARD = gnu99;
				GCC_DYNAMIC_NO_PIC = NO;
				GCC_NO_COMMON_BLOCKS = YES;
				GCC_OPTIMIZATION_LEVEL = 0;
				GCC_PREPROCESSOR_DEFINITIONS = (
					"DEBUG=1",
					"$(inherited)",
				);
				GCC_WARN_64_TO_32_BIT_CONVERSION = YES;
				GCC_WARN_ABOUT_RETURN_TYPE = YES_ERROR;
				GCC_WARN_UNDECLARED_SELECTOR = YES;
				GCC_WARN_UNINITIALIZED_AUTOS = YES_AGGRESSIVE;
				GCC_WARN_UNUSED_FUNCTION = YES;
				GCC_WARN_UNUSED_VARIABLE = YES;
				IPHONEOS_DEPLOYMENT_TARGET = 10.2;
				MTL_ENABLE_DEBUG_INFO = YES;
				ONLY_ACTIVE_ARCH = YES;
				SDKROOT = iphoneos;
				TARGETED_DEVICE_FAMILY = "1,2";
			};
			name = Debug;
		};
		605040DF1E5DEF8200E9FC5D /* Release */ = {
			isa = XCBuildConfiguration;
			buildSettings = {
				ALWAYS_SEARCH_USER_PATHS = NO;
				CLANG_ANALYZER_NONNULL = YES;
				CLANG_CXX_LANGUAGE_STANDARD = "gnu++0x";
				CLANG_CXX_LIBRARY = "libc++";
				CLANG_ENABLE_MODULES = YES;
				CLANG_ENABLE_OBJC_ARC = YES;
				CLANG_WARN_BOOL_CONVERSION = YES;
				CLANG_WARN_CONSTANT_CONVERSION = YES;
				CLANG_WARN_DIRECT_OBJC_ISA_USAGE = YES_ERROR;
				CLANG_WARN_DOCUMENTATION_COMMENTS = YES;
				CLANG_WARN_EMPTY_BODY = YES;
				CLANG_WARN_ENUM_CONVERSION = YES;
				CLANG_WARN_INFINITE_RECURSION = YES;
				CLANG_WARN_INT_CONVERSION = YES;
				CLANG_WARN_OBJC_ROOT_CLASS = YES_ERROR;
				CLANG_WARN_SUSPICIOUS_MOVE = YES;
				CLANG_WARN_UNREACHABLE_CODE = YES;
				CLANG_WARN__DUPLICATE_METHOD_MATCH = YES;
				"CODE_SIGN_IDENTITY[sdk=iphoneos*]" = "iPhone Developer";
				COPY_PHASE_STRIP = NO;
				DEBUG_INFORMATION_FORMAT = "dwarf-with-dsym";
				ENABLE_NS_ASSERTIONS = NO;
				ENABLE_STRICT_OBJC_MSGSEND = YES;
				GCC_C_LANGUAGE_STANDARD = gnu99;
				GCC_NO_COMMON_BLOCKS = YES;
				GCC_WARN_64_TO_32_BIT_CONVERSION = YES;
				GCC_WARN_ABOUT_RETURN_TYPE = YES_ERROR;
				GCC_WARN_UNDECLARED_SELECTOR = YES;
				GCC_WARN_UNINITIALIZED_AUTOS = YES_AGGRESSIVE;
				GCC_WARN_UNUSED_FUNCTION = YES;
				GCC_WARN_UNUSED_VARIABLE = YES;
				IPHONEOS_DEPLOYMENT_TARGET = 10.2;
				MTL_ENABLE_DEBUG_INFO = NO;
				SDKROOT = iphoneos;
				TARGETED_DEVICE_FAMILY = "1,2";
				VALIDATE_PRODUCT = YES;
			};
			name = Release;
		};
		605040E11E5DEF8200E9FC5D /* Debug */ = {
			isa = XCBuildConfiguration;
			baseConfigurationReference = 7BEEB1F881E5F40FBF7ACF01 /* Pods-NabtoCocoapodDemo.debug.xcconfig */;
			buildSettings = {
				ASSETCATALOG_COMPILER_APPICON_NAME = AppIcon;
				DEVELOPMENT_TEAM = E55K8RCV2E;
				INFOPLIST_FILE = NabtoCocoapodDemo/Info.plist;
				LD_RUNPATH_SEARCH_PATHS = "$(inherited) @executable_path/Frameworks";
				PRODUCT_BUNDLE_IDENTIFIER = com.nabto.NabtoCocoapodDemo;
				PRODUCT_NAME = "$(TARGET_NAME)";
			};
			name = Debug;
		};
		605040E21E5DEF8200E9FC5D /* Release */ = {
			isa = XCBuildConfiguration;
			baseConfigurationReference = 6D4FCC25E9DB2A1191FECEB8 /* Pods-NabtoCocoapodDemo.release.xcconfig */;
			buildSettings = {
				ASSETCATALOG_COMPILER_APPICON_NAME = AppIcon;
				DEVELOPMENT_TEAM = E55K8RCV2E;
				INFOPLIST_FILE = NabtoCocoapodDemo/Info.plist;
				LD_RUNPATH_SEARCH_PATHS = "$(inherited) @executable_path/Frameworks";
				PRODUCT_BUNDLE_IDENTIFIER = com.nabto.NabtoCocoapodDemo;
				PRODUCT_NAME = "$(TARGET_NAME)";
			};
			name = Release;
		};
		605040E41E5DEF8200E9FC5D /* Debug */ = {
			isa = XCBuildConfiguration;
			baseConfigurationReference = F8BBE0AE065E0BC1E20870A1 /* Pods-NabtoCocoapodDemoTests.debug.xcconfig */;
			buildSettings = {
				BUNDLE_LOADER = "$(TEST_HOST)";
				DEVELOPMENT_TEAM = E55K8RCV2E;
				INFOPLIST_FILE = NabtoCocoapodDemoTests/Info.plist;
				LD_RUNPATH_SEARCH_PATHS = "$(inherited) @executable_path/Frameworks @loader_path/Frameworks";
				PRODUCT_BUNDLE_IDENTIFIER = com.nabto.NabtoCocoapodDemoTests;
				PRODUCT_NAME = "$(TARGET_NAME)";
				TEST_HOST = "$(BUILT_PRODUCTS_DIR)/NabtoCocoapodDemo.app/NabtoCocoapodDemo";
			};
			name = Debug;
		};
		605040E51E5DEF8200E9FC5D /* Release */ = {
			isa = XCBuildConfiguration;
			baseConfigurationReference = 234957A73B1ED7E8E1AA74B8 /* Pods-NabtoCocoapodDemoTests.release.xcconfig */;
			buildSettings = {
				BUNDLE_LOADER = "$(TEST_HOST)";
				DEVELOPMENT_TEAM = E55K8RCV2E;
				INFOPLIST_FILE = NabtoCocoapodDemoTests/Info.plist;
				LD_RUNPATH_SEARCH_PATHS = "$(inherited) @executable_path/Frameworks @loader_path/Frameworks";
				PRODUCT_BUNDLE_IDENTIFIER = com.nabto.NabtoCocoapodDemoTests;
				PRODUCT_NAME = "$(TARGET_NAME)";
				TEST_HOST = "$(BUILT_PRODUCTS_DIR)/NabtoCocoapodDemo.app/NabtoCocoapodDemo";
			};
			name = Release;
		};
/* End XCBuildConfiguration section */

/* Begin XCConfigurationList section */
		605040B91E5DEF8100E9FC5D /* Build configuration list for PBXProject "NabtoCocoapodDemo" */ = {
			isa = XCConfigurationList;
			buildConfigurations = (
				605040DE1E5DEF8200E9FC5D /* Debug */,
				605040DF1E5DEF8200E9FC5D /* Release */,
			);
			defaultConfigurationIsVisible = 0;
			defaultConfigurationName = Release;
		};
		605040E01E5DEF8200E9FC5D /* Build configuration list for PBXNativeTarget "NabtoCocoapodDemo" */ = {
			isa = XCConfigurationList;
			buildConfigurations = (
				605040E11E5DEF8200E9FC5D /* Debug */,
				605040E21E5DEF8200E9FC5D /* Release */,
			);
			defaultConfigurationIsVisible = 0;
		};
		605040E31E5DEF8200E9FC5D /* Build configuration list for PBXNativeTarget "NabtoCocoapodDemoTests" */ = {
			isa = XCConfigurationList;
			buildConfigurations = (
				605040E41E5DEF8200E9FC5D /* Debug */,
				605040E51E5DEF8200E9FC5D /* Release */,
			);
			defaultConfigurationIsVisible = 0;
		};
/* End XCConfigurationList section */
	};
	rootObject = 605040B61E5DEF8100E9FC5D /* Project object */;
}
